{
  "name": "tonk-prose",
  "version": "0.1.0",
  "lockfileVersion": 3,
  "requires": true,
  "packages": {
    "": {
      "name": "tonk-prose",
      "version": "0.1.0",
      "dependencies": {
        "markdown-it": "^14.1.0",
        "markdown-it-mark": "4.0.0",
        "prosemirror-autocomplete": "0.4.3",
        "prosemirror-commands": "^1.6.0",
        "prosemirror-dropcursor": "^1.8.1",
        "prosemirror-gapcursor": "^1.3.2",
        "prosemirror-history": "^1.4.1",
        "prosemirror-inputrules": "^1.4.0",
        "prosemirror-keymap": "^1.2.2",
        "prosemirror-markdown": "^1.13.1",
        "prosemirror-model": "^1.22.3",
        "prosemirror-schema-list": "^1.4.1",
        "prosemirror-state": "^1.4.3",
        "prosemirror-transform": "^1.10.0",
        "prosemirror-view": "^1.34.3"
      },
      "devDependencies": {
        "@types/node": "26.1.1",
        "chrome-remote-interface": "0.34.0",
        "esbuild": "^0.24.0",
        "linkedom": "0.18.13",
        "typescript": "^5.4.0"
      }
    },
    "node_modules/@esbuild/aix-ppc64": {
      "version": "0.24.2",
      "resolved": "https://registry.npmjs.org/@esbuild/aix-ppc64/-/aix-ppc64-0.24.2.tgz",
      "integrity": "sha512-thpVCb/rhxE/BnMLQ7GReQLLN8q9qbHmI55F4489/ByVg2aQaQ6kbcLb6FHkocZzQhxc4gx0sCk0tJkKBFzDhA==",
      "cpu": [
        "ppc64"
      ],
      "dev": true,
      "license": "MIT",
      "optional": true,
      "os": [
        "aix"
      ],
      "engines": {
        "node": ">=18"
      }
    },
    "node_modules/@esbuild/android-arm": {
      "version": "0.24.2",
      "resolved": "https://registry.npmjs.org/@esbuild/android-arm/-/android-arm-0.24.2.tgz",
      "integrity": "sha512-tmwl4hJkCfNHwFB3nBa8z1Uy3ypZpxqxfTQOcHX+xRByyYgunVbZ9MzUUfb0RxaHIMnbHagwAxuTL+tnNM+1/Q==",
      "cpu": [
        "arm"
      ],
      "dev": true,
      "license": "MIT",
      "optional": true,
      "os": [
        "android"
      ],
      "engines": {
        "node": ">=18"
      }
    },
    "node_modules/@esbuild/android-arm64": {
      "version": "0.24.2",
      "resolved": "https://registry.npmjs.org/@esbuild/android-arm64/-/android-arm64-0.24.2.tgz",
      "integrity": "sha512-cNLgeqCqV8WxfcTIOeL4OAtSmL8JjcN6m09XIgro1Wi7cF4t/THaWEa7eL5CMoMBdjoHOTh/vwTO/o2TRXIyzg==",
      "cpu": [
        "arm64"
      ],
      "dev": true,
      "license": "MIT",
      "optional": true,
      "os": [
        "android"
      ],
      "engines": {
        "node": ">=18"
      }
    },
    "node_modules/@esbuild/android-x64": {
      "version": "0.24.2",
      "resolved": "https://registry.npmjs.org/@esbuild/android-x64/-/android-x64-0.24.2.tgz",
      "integrity": "sha512-B6Q0YQDqMx9D7rvIcsXfmJfvUYLoP722bgfBlO5cGvNVb5V/+Y7nhBE3mHV9OpxBf4eAS2S68KZztiPaWq4XYw==",
      "cpu": [
        "x64"
      ],
      "dev": true,
      "license": "MIT",
      "optional": true,
      "os": [
        "android"
      ],
      "engines": {
        "node": ">=18"
      }
    },
    "node_modules/@esbuild/darwin-arm64": {
      "version": "0.24.2",
      "resolved": "https://registry.npmjs.org/@esbuild/darwin-arm64/-/darwin-arm64-0.24.2.tgz",
      "integrity": "sha512-kj3AnYWc+CekmZnS5IPu9D+HWtUI49hbnyqk0FLEJDbzCIQt7hg7ucF1SQAilhtYpIujfaHr6O0UHlzzSPdOeA==",
      "cpu": [
        "arm64"
      ],
      "dev": true,
      "license": "MIT",
      "optional": true,
      "os": [
        "darwin"
      ],
      "engines": {
        "node": ">=18"
      }
    },
    "node_modules/@esbuild/darwin-x64": {
      "version": "0.24.2",
      "resolved": "https://registry.npmjs.org/@esbuild/darwin-x64/-/darwin-x64-0.24.2.tgz",
      "integrity": "sha512-WeSrmwwHaPkNR5H3yYfowhZcbriGqooyu3zI/3GGpF8AyUdsrrP0X6KumITGA9WOyiJavnGZUwPGvxvwfWPHIA==",
      "cpu": [
        "x64"
      ],
      "dev": true,
      "license": "MIT",
      "optional": true,
      "os": [
        "darwin"
      ],
      "engines": {
        "node": ">=18"
      }
    },
    "node_modules/@esbuild/freebsd-arm64": {
      "version": "0.24.2",
      "resolved": "https://registry.npmjs.org/@esbuild/freebsd-arm64/-/freebsd-arm64-0.24.2.tgz",
      "integrity": "sha512-UN8HXjtJ0k/Mj6a9+5u6+2eZ2ERD7Edt1Q9IZiB5UZAIdPnVKDoG7mdTVGhHJIeEml60JteamR3qhsr1r8gXvg==",
      "cpu": [
        "arm64"
      ],
      "dev": true,
      "license": "MIT",
      "optional": true,
      "os": [
        "freebsd"
      ],
      "engines": {
        "node": ">=18"
      }
    },
    "node_modules/@esbuild/freebsd-x64": {
      "version": "0.24.2",
      "resolved": "https://registry.npmjs.org/@esbuild/freebsd-x64/-/freebsd-x64-0.24.2.tgz",
      "integrity": "sha512-TvW7wE/89PYW+IevEJXZ5sF6gJRDY/14hyIGFXdIucxCsbRmLUcjseQu1SyTko+2idmCw94TgyaEZi9HUSOe3Q==",
      "cpu": [
        "x64"
      ],
      "dev": true,
      "license": "MIT",
      "optional": true,
      "os": [
        "freebsd"
      ],
      "engines": {
        "node": ">=18"
      }
    },
    "node_modules/@esbuild/linux-arm": {
      "version": "0.24.2",
      "resolved": "https://registry.npmjs.org/@esbuild/linux-arm/-/linux-arm-0.24.2.tgz",
      "integrity": "sha512-n0WRM/gWIdU29J57hJyUdIsk0WarGd6To0s+Y+LwvlC55wt+GT/OgkwoXCXvIue1i1sSNWblHEig00GBWiJgfA==",
      "cpu": [
        "arm"
      ],
      "dev": true,
      "license": "MIT",
      "optional": true,
      "os": [
        "linux"
      ],
      "engines": {
        "node": ">=18"
      }
    },
    "node_modules/@esbuild/linux-arm64": {
      "version": "0.24.2",
      "resolved": "https://registry.npmjs.org/@esbuild/linux-arm64/-/linux-arm64-0.24.2.tgz",
      "integrity": "sha512-7HnAD6074BW43YvvUmE/35Id9/NB7BeX5EoNkK9obndmZBUk8xmJJeU7DwmUeN7tkysslb2eSl6CTrYz6oEMQg==",
      "cpu": [
        "arm64"
      ],
      "dev": true,
      "license": "MIT",
      "optional": true,
      "os": [
        "linux"
      ],
      "engines": {
        "node": ">=18"
      }
    },
    "node_modules/@esbuild/linux-ia32": {
      "version": "0.24.2",
      "resolved": "https://registry.npmjs.org/@esbuild/linux-ia32/-/linux-ia32-0.24.2.tgz",
      "integrity": "sha512-sfv0tGPQhcZOgTKO3oBE9xpHuUqguHvSo4jl+wjnKwFpapx+vUDcawbwPNuBIAYdRAvIDBfZVvXprIj3HA+Ugw==",
      "cpu": [
        "ia32"
      ],
      "dev": true,
      "license": "MIT",
      "optional": true,
      "os": [
        "linux"
      ],
      "engines": {
        "node": ">=18"
      }
    },
    "node_modules/@esbuild/linux-loong64": {
      "version": "0.24.2",
      "resolved": "https://registry.npmjs.org/@esbuild/linux-loong64/-/linux-loong64-0.24.2.tgz",
      "integrity": "sha512-CN9AZr8kEndGooS35ntToZLTQLHEjtVB5n7dl8ZcTZMonJ7CCfStrYhrzF97eAecqVbVJ7APOEe18RPI4KLhwQ==",
      "cpu": [
        "loong64"
      ],
      "dev": true,
      "license": "MIT",
      "optional": true,
      "os": [
        "linux"
      ],
      "engines": {
        "node": ">=18"
      }
    },
    "node_modules/@esbuild/linux-mips64el": {
      "version": "0.24.2",
      "resolved": "https://registry.npmjs.org/@esbuild/linux-mips64el/-/linux-mips64el-0.24.2.tgz",
      "integrity": "sha512-iMkk7qr/wl3exJATwkISxI7kTcmHKE+BlymIAbHO8xanq/TjHaaVThFF6ipWzPHryoFsesNQJPE/3wFJw4+huw==",
      "cpu": [
        "mips64el"
      ],
      "dev": true,
      "license": "MIT",
      "optional": true,
      "os": [
        "linux"
      ],
      "engines": {
        "node": ">=18"
      }
    },
    "node_modules/@esbuild/linux-ppc64": {
      "version": "0.24.2",
      "resolved": "https://registry.npmjs.org/@esbuild/linux-ppc64/-/linux-ppc64-0.24.2.tgz",
      "integrity": "sha512-shsVrgCZ57Vr2L8mm39kO5PPIb+843FStGt7sGGoqiiWYconSxwTiuswC1VJZLCjNiMLAMh34jg4VSEQb+iEbw==",
      "cpu": [
        "ppc64"
      ],
      "dev": true,
      "license": "MIT",
      "optional": true,
      "os": [
        "linux"
      ],
      "engines": {
        "node": ">=18"
      }
    },
    "node_modules/@esbuild/linux-riscv64": {
      "version": "0.24.2",
      "resolved": "https://registry.npmjs.org/@esbuild/linux-riscv64/-/linux-riscv64-0.24.2.tgz",
      "integrity": "sha512-4eSFWnU9Hhd68fW16GD0TINewo1L6dRrB+oLNNbYyMUAeOD2yCK5KXGK1GH4qD/kT+bTEXjsyTCiJGHPZ3eM9Q==",
      "cpu": [
        "riscv64"
      ],
      "dev": true,
      "license": "MIT",
      "optional": true,
      "os": [
        "linux"
      ],
      "engines": {
        "node": ">=18"
      }
    },
    "node_modules/@esbuild/linux-s390x": {
      "version": "0.24.2",
      "resolved": "https://registry.npmjs.org/@esbuild/linux-s390x/-/linux-s390x-0.24.2.tgz",
      "integrity": "sha512-S0Bh0A53b0YHL2XEXC20bHLuGMOhFDO6GN4b3YjRLK//Ep3ql3erpNcPlEFed93hsQAjAQDNsvcK+hV90FubSw==",
      "cpu": [
        "s390x"
      ],
      "dev": true,
      "license": "MIT",
      "optional": true,
      "os": [
        "linux"
      ],
      "engines": {
        "node": ">=18"
      }
    },
    "node_modules/@esbuild/linux-x64": {
      "version": "0.24.2",
      "resolved": "https://registry.npmjs.org/@esbuild/linux-x64/-/linux-x64-0.24.2.tgz",
      "integrity": "sha512-8Qi4nQcCTbLnK9WoMjdC9NiTG6/E38RNICU6sUNqK0QFxCYgoARqVqxdFmWkdonVsvGqWhmm7MO0jyTqLqwj0Q==",
      "cpu": [
        "x64"
      ],
      "dev": true,
      "license": "MIT",
      "optional": true,
      "os": [
        "linux"
      ],
      "engines": {
        "node": ">=18"
      }
    },
    "node_modules/@esbuild/netbsd-arm64": {
      "version": "0.24.2",
      "resolved": "https://registry.npmjs.org/@esbuild/netbsd-arm64/-/netbsd-arm64-0.24.2.tgz",
      "integrity": "sha512-wuLK/VztRRpMt9zyHSazyCVdCXlpHkKm34WUyinD2lzK07FAHTq0KQvZZlXikNWkDGoT6x3TD51jKQ7gMVpopw==",
      "cpu": [
        "arm64"
      ],
      "dev": true,
      "license": "MIT",
      "optional": true,
      "os": [
        "netbsd"
      ],
      "engines": {
        "node": ">=18"
      }
    },
    "node_modules/@esbuild/netbsd-x64": {
      "version": "0.24.2",
      "resolved": "https://registry.npmjs.org/@esbuild/netbsd-x64/-/netbsd-x64-0.24.2.tgz",
      "integrity": "sha512-VefFaQUc4FMmJuAxmIHgUmfNiLXY438XrL4GDNV1Y1H/RW3qow68xTwjZKfj/+Plp9NANmzbH5R40Meudu8mmw==",
      "cpu": [
        "x64"
      ],
      "dev": true,
      "license": "MIT",
      "optional": true,
      "os": [
        "netbsd"
      ],
      "engines": {
        "node": ">=18"
      }
    },
    "node_modules/@esbuild/openbsd-arm64": {
      "version": "0.24.2",
      "resolved": "https://registry.npmjs.org/@esbuild/openbsd-arm64/-/openbsd-arm64-0.24.2.tgz",
      "integrity": "sha512-YQbi46SBct6iKnszhSvdluqDmxCJA+Pu280Av9WICNwQmMxV7nLRHZfjQzwbPs3jeWnuAhE9Jy0NrnJ12Oz+0A==",
      "cpu": [
        "arm64"
      ],
      "dev": true,
      "license": "MIT",
      "optional": true,
      "os": [
        "openbsd"
      ],
      "engines": {
        "node": ">=18"
      }
    },
    "node_modules/@esbuild/openbsd-x64": {
      "version": "0.24.2",
      "resolved": "https://registry.npmjs.org/@esbuild/openbsd-x64/-/openbsd-x64-0.24.2.tgz",
      "integrity": "sha512-+iDS6zpNM6EnJyWv0bMGLWSWeXGN/HTaF/LXHXHwejGsVi+ooqDfMCCTerNFxEkM3wYVcExkeGXNqshc9iMaOA==",
      "cpu": [
        "x64"
      ],
      "dev": true,
      "license": "MIT",
      "optional": true,
      "os": [
        "openbsd"
      ],
      "engines": {
        "node": ">=18"
      }
    },
    "node_modules/@esbuild/sunos-x64": {
      "version": "0.24.2",
      "resolved": "https://registry.npmjs.org/@esbuild/sunos-x64/-/sunos-x64-0.24.2.tgz",
      "integrity": "sha512-hTdsW27jcktEvpwNHJU4ZwWFGkz2zRJUz8pvddmXPtXDzVKTTINmlmga3ZzwcuMpUvLw7JkLy9QLKyGpD2Yxig==",
      "cpu": [
        "x64"
      ],
      "dev": true,
      "license": "MIT",
      "optional": true,
      "os": [
        "sunos"
      ],
      "engines": {
        "node": ">=18"
      }
    },
    "node_modules/@esbuild/win32-arm64": {
      "version": "0.24.2",
      "resolved": "https://registry.npmjs.org/@esbuild/win32-arm64/-/win32-arm64-0.24.2.tgz",
      "integrity": "sha512-LihEQ2BBKVFLOC9ZItT9iFprsE9tqjDjnbulhHoFxYQtQfai7qfluVODIYxt1PgdoyQkz23+01rzwNwYfutxUQ==",
      "cpu": [
        "arm64"
      ],
      "dev": true,
      "license": "MIT",
      "optional": true,
      "os": [
        "win32"
      ],
      "engines": {
        "node": ">=18"
      }
    },
    "node_modules/@esbuild/win32-ia32": {
      "version": "0.24.2",
      "resolved": "https://registry.npmjs.org/@esbuild/win32-ia32/-/win32-ia32-0.24.2.tgz",
      "integrity": "sha512-q+iGUwfs8tncmFC9pcnD5IvRHAzmbwQ3GPS5/ceCyHdjXubwQWI12MKWSNSMYLJMq23/IUCvJMS76PDqXe1fxA==",
      "cpu": [
        "ia32"
      ],
      "dev": true,
      "license": "MIT",
      "optional": true,
      "os": [
        "win32"
      ],
      "engines": {
        "node": ">=18"
      }
    },
    "node_modules/@esbuild/win32-x64": {
      "version": "0.24.2",
      "resolved": "https://registry.npmjs.org/@esbuild/win32-x64/-/win32-x64-0.24.2.tgz",
      "integrity": "sha512-7VTgWzgMGvup6aSqDPLiW5zHaxYJGTO4OokMjIlrCtf+VpEL+cXKtCvg723iguPYI5oaUNdS+/V7OU2gvXVWEg==",
      "cpu": [
        "x64"
      ],
      "dev": true,
      "license": "MIT",
      "optional": true,
      "os": [
        "win32"
      ],
      "engines": {
        "node": ">=18"
      }
    },
    "node_modules/@types/linkify-it": {
      "version": "5.0.0",
      "resolved": "https://registry.npmjs.org/@types/linkify-it/-/linkify-it-5.0.0.tgz",
      "integrity": "sha512-sVDA58zAw4eWAffKOaQH5/5j3XeayukzDk+ewSsnv3p4yJEZHCCzMDiZM8e0OUrRvmpGZ85jf4yDHkHsgBNr9Q==",
      "license": "MIT"
    },
    "node_modules/@types/markdown-it": {
      "version": "14.1.2",
      "resolved": "https://registry.npmjs.org/@types/markdown-it/-/markdown-it-14.1.2.tgz",
      "integrity": "sha512-promo4eFwuiW+TfGxhi+0x3czqTYJkG8qB17ZUJiVF10Xm7NLVRSLUsfRTU/6h1e24VvRnXCx+hG7li58lkzog==",
      "license": "MIT",
      "dependencies": {
        "@types/linkify-it": "^5",
        "@types/mdurl": "^2"
      }
    },
    "node_modules/@types/mdurl": {
      "version": "2.0.0",
      "resolved": "https://registry.npmjs.org/@types/mdurl/-/mdurl-2.0.0.tgz",
      "integrity": "sha512-RGdgjQUZba5p6QEFAVx2OGb8rQDL/cPRG7GiedRzMcJ1tYnUANBncjbSB1NRGwbvjcPeikRABz2nshyPk1bhWg==",
      "license": "MIT"
    },
    "node_modules/@types/node": {
      "version": "26.1.1",
      "resolved": "https://registry.npmjs.org/@types/node/-/node-26.1.1.tgz",
      "integrity": "sha512-nxAkRSVkN1Y0JC1W8ky/fTfkGsMmcrRsbx+3XoZE+rMOX71kLYTV7fLXpqud1GpbpP5TuffXFqfX7fH2GgZREw==",
      "dev": true,
      "dependencies": {
        "undici-types": "~8.3.0"
      }
    },
    "node_modules/argparse": {
      "version": "2.0.1",
      "resolved": "https://registry.npmjs.org/argparse/-/argparse-2.0.1.tgz",
      "integrity": "sha512-8+9WqebbFzpX9OR+Wa6O29asIogeRMzcGtAINdpMHHyAg10f05aSFVBbcEqGf/PXw1EjAZ+q2/bEBg3DvurK3Q==",
      "license": "Python-2.0"
    },
    "node_modules/boolbase": {
      "version": "2.0.0",
      "resolved": "https://registry.npmjs.org/boolbase/-/boolbase-2.0.0.tgz",
      "integrity": "sha512-DkVaaQHymRhpYEYo9x1oo7Q7B0Y6KJUsjm3c9eTyFDby4MHLBTwZ6ZDWBel5zrYxj1WsZgC5oLpiz+93MluXeA==",
      "dev": true,
      "engines": {
        "node": ">=20.19.0"
      },
      "funding": {
        "type": "github",
        "url": "https://github.com/sponsors/fb55"
      }
    },
    "node_modules/chrome-remote-interface": {
      "version": "0.34.0",
      "resolved": "https://registry.npmjs.org/chrome-remote-interface/-/chrome-remote-interface-0.34.0.tgz",
      "integrity": "sha512-rTTcTZ3zemx8I+nvBii7d8BAF0Ms8LLEroypfvwwZOwSpyNGLE28nStXyCA6VwGp2YSQfmCrQH21F/E+oBFvMw==",
      "dev": true,
      "dependencies": {
        "commander": "2.11.x",
        "ws": "^7.2.0"
      },
      "bin": {
        "chrome-remote-interface": "bin/client.js"
      }
    },
    "node_modules/commander": {
      "version": "2.11.0",
      "resolved": "https://registry.npmjs.org/commander/-/commander-2.11.0.tgz",
      "integrity": "sha512-b0553uYA5YAEGgyYIGYROzKQ7X5RAqedkfjiZxwi0kL1g3bOaBNNZfYkzt/CL0umgD5wc9Jec2FbB98CjkMRvQ==",
      "dev": true
    },
    "node_modules/css-select": {
      "version": "7.0.0",
      "resolved": "https://registry.npmjs.org/css-select/-/css-select-7.0.0.tgz",
      "integrity": "sha512-snmjEVXy+1LnwXdxhYvTMj1d9tOh4HxkA1YmoayVBeeyR2C14Pum7fcxJIm4SswYspVy866eYNwlH6xC3/VH5g==",
      "dev": true,
      "dependencies": {
        "boolbase": "^2.0.0",
        "css-what": "^8.0.0",
        "domhandler": "^6.0.1",
        "domutils": "^4.0.2",
        "nth-check": "^3.0.1"
      },
      "engines": {
        "node": ">=20.19.0"
      },
      "funding": {
        "type": "github",
        "url": "https://github.com/sponsors/fb55"
      }
    },
    "node_modules/css-what": {
      "version": "8.0.0",
      "resolved": "https://registry.npmjs.org/css-what/-/css-what-8.0.0.tgz",
      "integrity": "sha512-DH0Bqq3DNp5tdOReuNyAA+Ev4Y2GS5FMbZpeTLP6C4CDi0h5nL0BmUPChXw3o/qbHLDWHl49sbNqQVY7bMSDdw==",
      "dev": true,
      "engines": {
        "node": ">=20.19.0"
      },
      "funding": {
        "type": "github",
        "url": "https://github.com/sponsors/fb55"
      }
    },
    "node_modules/cssom": {
      "version": "0.5.0",
      "resolved": "https://registry.npmjs.org/cssom/-/cssom-0.5.0.tgz",
      "integrity": "sha512-iKuQcq+NdHqlAcwUY0o/HL69XQrUaQdMjmStJ8JFmUaiiQErlhrmuigkg/CU4E2J0IyUKUrMAgl36TvN67MqTw==",
      "dev": true
    },
    "node_modules/dom-serializer": {
      "version": "3.1.1",
      "resolved": "https://registry.npmjs.org/dom-serializer/-/dom-serializer-3.1.1.tgz",
      "integrity": "sha512-4MEa38/QexBob6gFNwu+EGdWvhJ1OKuNwdYY3Y3NyeWDQfnGeDYQUDfIRzWu5B5gsv03so2Uxd28YC6zrsx3Lw==",
      "dev": true,
      "dependencies": {
        "domelementtype": "^3.0.0",
        "domhandler": "^6.0.0",
        "entities": "^8.0.0"
      },
      "engines": {
        "node": ">=20.19.0"
      },
      "funding": {
        "type": "github",
        "url": "https://github.com/cheeriojs/dom-serializer?sponsor=1"
      }
    },
    "node_modules/dom-serializer/node_modules/entities": {
      "version": "8.0.0",
      "resolved": "https://registry.npmjs.org/entities/-/entities-8.0.0.tgz",
      "integrity": "sha512-zwfzJecQ/Uej6tusMqwAqU/6KL2XaB2VZ2Jg54Je6ahNBGNH6Ek6g3jjNCF0fG9EWQKGZNddNjU5F1ZQn/sBnA==",
      "dev": true,
      "engines": {
        "node": ">=20.19.0"
      },
      "funding": {
        "url": "https://github.com/fb55/entities?sponsor=1"
      }
    },
    "node_modules/domelementtype": {
      "version": "3.0.0",
      "resolved": "https://registry.npmjs.org/domelementtype/-/domelementtype-3.0.0.tgz",
      "integrity": "sha512-umCQid3jKbDmVjx8jGaW7uUykm4DEUeyV21hPxNMo2nV955DhUThwqyOIDtreepP31hl84X7G5U9ZfsWvIB3Pg==",
      "dev": true,
      "funding": [
        {
          "type": "github",
          "url": "https://github.com/sponsors/fb55"
        }
      ],
      "engines": {
        "node": ">=20.19.0"
      }
    },
    "node_modules/domhandler": {
      "version": "6.0.1",
      "resolved": "https://registry.npmjs.org/domhandler/-/domhandler-6.0.1.tgz",
      "integrity": "sha512-gYzvtM72ZtxQO0T048kd6HWSbbGCNOUwcnfQ01cqIJ4X2IYKFFHZ5mKvrQETcFXxsRObZulDaKmy//R7TPtsBg==",
      "dev": true,
      "dependencies": {
        "domelementtype": "^3.0.0"
      },
      "engines": {
        "node": ">=20.19.0"
      },
      "funding": {
        "type": "github",
        "url": "https://github.com/fb55/domhandler?sponsor=1"
      }
    },
    "node_modules/domutils": {
      "version": "4.0.2",
      "resolved": "https://registry.npmjs.org/domutils/-/domutils-4.0.2.tgz",
      "integrity": "sha512-qI4JLRKnSzqFqr7hAlS5xQDusBCjKSEG4t4+7aNrIQMHBcsC2TGEhuyABJdYkgSewL57PNLYEiibY2iPKhKpaA==",
      "dev": true,
      "dependencies": {
        "dom-serializer": "^3.0.0",
        "domelementtype": "^3.0.0",
        "domhandler": "^6.0.0"
      },
      "engines": {
        "node": ">=20.19.0"
      },
      "funding": {
        "type": "github",
        "url": "https://github.com/fb55/domutils?sponsor=1"
      }
    },
    "node_modules/entities": {
      "version": "4.5.0",
      "resolved": "https://registry.npmjs.org/entities/-/entities-4.5.0.tgz",
      "integrity": "sha512-V0hjH4dGPh9Ao5p0MoRY6BVqtwCjhz6vI5LT8AJ55H+4g9/4vbHx1I54fS0XuclLhDHArPQCiMjDxjaL8fPxhw==",
      "license": "BSD-2-Clause",
      "engines": {
        "node": ">=0.12"
      },
      "funding": {
        "url": "https://github.com/fb55/entities?sponsor=1"
      }
    },
    "node_modules/esbuild": {
      "version": "0.24.2",
      "resolved": "https://registry.npmjs.org/esbuild/-/esbuild-0.24.2.tgz",
      "integrity": "sha512-+9egpBW8I3CD5XPe0n6BfT5fxLzxrlDzqydF3aviG+9ni1lDC/OvMHcxqEFV0+LANZG5R1bFMWfUrjVsdwxJvA==",
      "dev": true,
      "hasInstallScript": true,
      "license": "MIT",
      "bin": {
        "esbuild": "bin/esbuild"
      },
      "engines": {
        "node": ">=18"
      },
      "optionalDependencies": {
        "@esbuild/aix-ppc64": "0.24.2",
        "@esbuild/android-arm": "0.24.2",
        "@esbuild/android-arm64": "0.24.2",
        "@esbuild/android-x64": "0.24.2",
        "@esbuild/darwin-arm64": "0.24.2",
        "@esbuild/darwin-x64": "0.24.2",
        "@esbuild/freebsd-arm64": "0.24.2",
        "@esbuild/freebsd-x64": "0.24.2",
        "@esbuild/linux-arm": "0.24.2",
        "@esbuild/linux-arm64": "0.24.2",
        "@esbuild/linux-ia32": "0.24.2",
        "@esbuild/linux-loong64": "0.24.2",
        "@esbuild/linux-mips64el": "0.24.2",
        "@esbuild/linux-ppc64": "0.24.2",
        "@esbuild/linux-riscv64": "0.24.2",
        "@esbuild/linux-s390x": "0.24.2",
        "@esbuild/linux-x64": "0.24.2",
        "@esbuild/netbsd-arm64": "0.24.2",
        "@esbuild/netbsd-x64": "0.24.2",
        "@esbuild/openbsd-arm64": "0.24.2",
        "@esbuild/openbsd-x64": "0.24.2",
        "@esbuild/sunos-x64": "0.24.2",
        "@esbuild/win32-arm64": "0.24.2",
        "@esbuild/win32-ia32": "0.24.2",
        "@esbuild/win32-x64": "0.24.2"
      }
    },
    "node_modules/html-escaper": {
      "version": "3.0.3",
      "resolved": "https://registry.npmjs.org/html-escaper/-/html-escaper-3.0.3.tgz",
      "integrity": "sha512-RuMffC89BOWQoY0WKGpIhn5gX3iI54O6nRA0yC124NYVtzjmFWBIiFd8M0x+ZdX0P9R4lADg1mgP8C7PxGOWuQ==",
      "dev": true
    },
    "node_modules/htmlparser2": {
      "version": "10.1.0",
      "resolved": "https://registry.npmjs.org/htmlparser2/-/htmlparser2-10.1.0.tgz",
      "integrity": "sha512-VTZkM9GWRAtEpveh7MSF6SjjrpNVNNVJfFup7xTY3UpFtm67foy9HDVXneLtFVt4pMz5kZtgNcvCniNFb1hlEQ==",
      "dev": true,
      "funding": [
        "https://github.com/fb55/htmlparser2?sponsor=1",
        {
          "type": "github",
          "url": "https://github.com/sponsors/fb55"
        }
      ],
      "dependencies": {
        "domelementtype": "^2.3.0",
        "domhandler": "^5.0.3",
        "domutils": "^3.2.2",
        "entities": "^7.0.1"
      }
    },
    "node_modules/htmlparser2/node_modules/dom-serializer": {
      "version": "2.0.0",
      "resolved": "https://registry.npmjs.org/dom-serializer/-/dom-serializer-2.0.0.tgz",
      "integrity": "sha512-wIkAryiqt/nV5EQKqQpo3SToSOV9J0DnbJqwK7Wv/Trc92zIAYZ4FlMu+JPFW1DfGFt81ZTCGgDEabffXeLyJg==",
      "dev": true,
      "dependencies": {
        "domelementtype": "^2.3.0",
        "domhandler": "^5.0.2",
        "entities": "^4.2.0"
      },
      "funding": {
        "url": "https://github.com/cheeriojs/dom-serializer?sponsor=1"
      }
    },
    "node_modules/htmlparser2/node_modules/dom-serializer/node_modules/entities": {
      "version": "4.5.0",
      "resolved": "https://registry.npmjs.org/entities/-/entities-4.5.0.tgz",
      "integrity": "sha512-V0hjH4dGPh9Ao5p0MoRY6BVqtwCjhz6vI5LT8AJ55H+4g9/4vbHx1I54fS0XuclLhDHArPQCiMjDxjaL8fPxhw==",
      "dev": true,
      "engines": {
        "node": ">=0.12"
      },
      "funding": {
        "url": "https://github.com/fb55/entities?sponsor=1"
      }
    },
    "node_modules/htmlparser2/node_modules/domelementtype": {
      "version": "2.3.0",
      "resolved": "https://registry.npmjs.org/domelementtype/-/domelementtype-2.3.0.tgz",
      "integrity": "sha512-OLETBj6w0OsagBwdXnPdN0cnMfF9opN69co+7ZrbfPGrdpPVNBUj02spi6B1N7wChLQiPn4CSH/zJvXw56gmHw==",
      "dev": true,
      "funding": [
        {
          "type": "github",
          "url": "https://github.com/sponsors/fb55"
        }
      ]
    },
    "node_modules/htmlparser2/node_modules/domhandler": {
      "version": "5.0.3",
      "resolved": "https://registry.npmjs.org/domhandler/-/domhandler-5.0.3.tgz",
      "integrity": "sha512-cgwlv/1iFQiFnU96XXgROh8xTeetsnJiDsTc7TYCLFd9+/WNkIqPTxiM/8pSd8VIrhXGTf1Ny1q1hquVqDJB5w==",
      "dev": true,
      "dependencies": {
        "domelementtype": "^2.3.0"
      },
      "engines": {
        "node": ">= 4"
      },
      "funding": {
        "url": "https://github.com/fb55/domhandler?sponsor=1"
      }
    },
    "node_modules/htmlparser2/node_modules/domutils": {
      "version": "3.2.2",
      "resolved": "https://registry.npmjs.org/domutils/-/domutils-3.2.2.tgz",
      "integrity": "sha512-6kZKyUajlDuqlHKVX1w7gyslj9MPIXzIFiz/rGu35uC1wMi+kMhQwGhl4lt9unC9Vb9INnY9Z3/ZA3+FhASLaw==",
      "dev": true,
      "dependencies": {
        "dom-serializer": "^2.0.0",
        "domelementtype": "^2.3.0",
        "domhandler": "^5.0.3"
      },
      "funding": {
        "url": "https://github.com/fb55/domutils?sponsor=1"
      }
    },
    "node_modules/htmlparser2/node_modules/entities": {
      "version": "7.0.1",
      "resolved": "https://registry.npmjs.org/entities/-/entities-7.0.1.tgz",
      "integrity": "sha512-TWrgLOFUQTH994YUyl1yT4uyavY5nNB5muff+RtWaqNVCAK408b5ZnnbNAUEWLTCpum9w6arT70i1XdQ4UeOPA==",
      "dev": true,
      "engines": {
        "node": ">=0.12"
      },
      "funding": {
        "url": "https://github.com/fb55/entities?sponsor=1"
      }
    },
    "node_modules/linkedom": {
      "version": "0.18.13",
      "resolved": "https://registry.npmjs.org/linkedom/-/linkedom-0.18.13.tgz",
      "integrity": "sha512-ES/o9qotMpzpN2MHs+Iq/JcVoOj8Fa5wiQYrTdFpvAnwXL0g66XHHUc9WUMk6nAlBtGsFQ24ne+SYnvnaQ2FSw==",
      "dev": true,
      "dependencies": {
        "css-select": "^7.0.0",
        "cssom": "^0.5.0",
        "html-escaper": "^3.0.3",
        "htmlparser2": "^10.1.0",
        "uhyphen": "^0.2.0"
      },
      "engines": {
        "node": ">=16"
      },
      "peerDependencies": {
        "canvas": ">= 2"
      },
      "peerDependenciesMeta": {
        "canvas": {
          "optional": true
        }
      }
    },
    "node_modules/linkify-it": {
      "version": "5.0.2",
      "resolved": "https://registry.npmjs.org/linkify-it/-/linkify-it-5.0.2.tgz",
      "integrity": "sha512-ONTm2jCMAVZjgQa/Fy1kScXsuOoF5NPTsoFBdE1KVIZ2vAh/r9+Bqo+0jINCBYnavTPQZz38QzFTme79ENoN3Q==",
      "funding": [
        {
          "type": "github",
          "url": "https://github.com/sponsors/puzrin"
        },
        {
          "type": "github",
          "url": "https://github.com/sponsors/markdown-it"
        }
      ],
      "license": "MIT",
      "dependencies": {
        "uc.micro": "^2.0.0"
      }
    },
    "node_modules/markdown-it": {
      "version": "14.3.0",
      "resolved": "https://registry.npmjs.org/markdown-it/-/markdown-it-14.3.0.tgz",
      "integrity": "sha512-RCEsPjR+sr0x+AuYp601tKTkgFG4YEPLCzHST3cQ/fhlJkqAkz1L2/Qbp1j9qw5SBwQHFBoW8+hoN5xssOF0Tw==",
      "funding": [
        {
          "type": "github",
          "url": "https://github.com/sponsors/puzrin"
        },
        {
          "type": "github",
          "url": "https://github.com/sponsors/markdown-it"
        }
      ],
      "license": "MIT",
      "dependencies": {
        "argparse": "^2.0.1",
        "entities": "^4.5.0",
        "linkify-it": "^5.0.2",
        "mdurl": "^2.0.0",
        "punycode.js": "^2.3.1",
        "uc.micro": "^2.1.0"
      },
      "bin": {
        "markdown-it": "bin/markdown-it.mjs"
      }
    },
    "node_modules/markdown-it-mark": {
      "version": "4.0.0",
      "resolved": "https://registry.npmjs.org/markdown-it-mark/-/markdown-it-mark-4.0.0.tgz",
      "integrity": "sha512-YLhzaOsU9THO/cal0lUjfMjrqSMPjjyjChYM7oyj4DnyaXEzA8gnW6cVJeyCrCVeyesrY2PlEdUYJSPFYL4Nkg==",
      "license": "MIT"
    },
    "node_modules/mdurl": {
      "version": "2.0.0",
      "resolved": "https://registry.npmjs.org/mdurl/-/mdurl-2.0.0.tgz",
      "integrity": "sha512-Lf+9+2r+Tdp5wXDXC4PcIBjTDtq4UKjCPMQhKIuzpJNW0b96kVqSwW0bT7FhRSfmAiFYgP+SCRvdrDozfh0U5w==",
      "license": "MIT"
    },
    "node_modules/nth-check": {
      "version": "3.0.1",
      "resolved": "https://registry.npmjs.org/nth-check/-/nth-check-3.0.1.tgz",
      "integrity": "sha512-GX0gsdbGVCgnRgbeGaubfjpBXyYRWOOCVeYh08bSQvDZqxz5ndXs1OTfAt/h36G1xvI94YIspsI0sVFqAV9+RQ==",
      "dev": true,
      "dependencies": {
        "boolbase": "^2.0.0"
      },
      "engines": {
        "node": ">=20.19.0"
      },
      "funding": {
        "type": "github",
        "url": "https://github.com/fb55/nth-check?sponsor=1"
      }
    },
    "node_modules/orderedmap": {
      "version": "2.1.1",
      "resolved": "https://registry.npmjs.org/orderedmap/-/orderedmap-2.1.1.tgz",
      "integrity": "sha512-TvAWxi0nDe1j/rtMcWcIj94+Ffe6n7zhow33h40SKxmsmozs6dz/e+EajymfoFcHd7sxNn8yHM8839uixMOV6g==",
      "license": "MIT"
    },
    "node_modules/prosemirror-autocomplete": {
      "version": "0.4.3",
      "resolved": "https://registry.npmjs.org/prosemirror-autocomplete/-/prosemirror-autocomplete-0.4.3.tgz",
      "integrity": "sha512-a4w/SOzgrTjXaWpSYMrai6H3KHSUBuADZC/DBm4VApiD9LGHpv98zQbHzsHgInrEoWcBGzYVT0HUD3tLgrsEVQ==",
      "license": "MIT",
      "dependencies": {
        "prosemirror-inputrules": "^1.2.0",
        "prosemirror-state": "^1.4.1",
        "prosemirror-view": "^1.27.0"
      }
    },
    "node_modules/prosemirror-commands": {
      "version": "1.7.1",
      "resolved": "https://registry.npmjs.org/prosemirror-commands/-/prosemirror-commands-1.7.1.tgz",
      "integrity": "sha512-rT7qZnQtx5c0/y/KlYaGvtG411S97UaL6gdp6RIZ23DLHanMYLyfGBV5DtSnZdthQql7W+lEVbpSfwtO8T+L2w==",
      "license": "MIT",
      "dependencies": {
        "prosemirror-model": "^1.0.0",
        "prosemirror-state": "^1.0.0",
        "prosemirror-transform": "^1.10.2"
      }
    },
    "node_modules/prosemirror-dropcursor": {
      "version": "1.8.3",
      "resolved": "https://registry.npmjs.org/prosemirror-dropcursor/-/prosemirror-dropcursor-1.8.3.tgz",
      "integrity": "sha512-FoYbsJR8gK+DGlqhNoE29Loa38eIZPzQRIb1VMaDNBoo4OLP6vVof/jR8qFY/6XvUd6Dhug8MDCHl2a/h8RTfQ==",
      "license": "MIT",
      "dependencies": {
        "prosemirror-state": "^1.0.0",
        "prosemirror-transform": "^1.1.0",
        "prosemirror-view": "^1.1.0"
      }
    },
    "node_modules/prosemirror-gapcursor": {
      "version": "1.4.1",
      "resolved": "https://registry.npmjs.org/prosemirror-gapcursor/-/prosemirror-gapcursor-1.4.1.tgz",
      "integrity": "sha512-pMdYaEnjNMSwl11yjEGtgTmLkR08m/Vl+Jj443167p9eB3HVQKhYCc4gmHVDsLPODfZfjr/MmirsdyZziXbQKw==",
      "license": "MIT",
      "dependencies": {
        "prosemirror-keymap": "^1.0.0",
        "prosemirror-model": "^1.0.0",
        "prosemirror-state": "^1.0.0",
        "prosemirror-view": "^1.0.0"
      }
    },
    "node_modules/prosemirror-history": {
      "version": "1.5.0",
      "resolved": "https://registry.npmjs.org/prosemirror-history/-/prosemirror-history-1.5.0.tgz",
      "integrity": "sha512-zlzTiH01eKA55UAf1MEjtssJeHnGxO0j4K4Dpx+gnmX9n+SHNlDqI2oO1Kv1iPN5B1dm5fsljCfqKF9nFL6HRg==",
      "license": "MIT",
      "dependencies": {
        "prosemirror-state": "^1.2.2",
        "prosemirror-transform": "^1.0.0",
        "prosemirror-view": "^1.31.0",
        "rope-sequence": "^1.3.0"
      }
    },
    "node_modules/prosemirror-inputrules": {
      "version": "1.5.1",
      "resolved": "https://registry.npmjs.org/prosemirror-inputrules/-/prosemirror-inputrules-1.5.1.tgz",
      "integrity": "sha512-7wj4uMjKaXWAQ1CDgxNzNtR9AlsuwzHfdFH1ygEHA2KHF2DOEaXl1CJfNPAKCg9qNEh4rum975QLaCiQPyY6Fw==",
      "license": "MIT",
      "dependencies": {
        "prosemirror-state": "^1.0.0",
        "prosemirror-transform": "^1.0.0"
      }
    },
    "node_modules/prosemirror-keymap": {
      "version": "1.2.3",
      "resolved": "https://registry.npmjs.org/prosemirror-keymap/-/prosemirror-keymap-1.2.3.tgz",
      "integrity": "sha512-4HucRlpiLd1IPQQXNqeo81BGtkY8Ai5smHhKW9jjPKRc2wQIxksg7Hl1tTI2IfT2B/LgX6bfYvXxEpJl7aKYKw==",
      "license": "MIT",
      "dependencies": {
        "prosemirror-state": "^1.0.0",
        "w3c-keyname": "^2.2.0"
      }
    },
    "node_modules/prosemirror-markdown": {
      "version": "1.13.5",
      "resolved": "https://registry.npmjs.org/prosemirror-markdown/-/prosemirror-markdown-1.13.5.tgz",
      "integrity": "sha512-ac8trNQ01ybKDRTcfUc56LZufG3oYyU4N25qSXgp8dS0U4JtzzCj7oQlKu5v09VSmS5IseYoQ2yDkTbo7f7D8Q==",
      "license": "MIT",
      "dependencies": {
        "@types/markdown-it": "^14.0.0",
        "markdown-it": "^14.0.0",
        "prosemirror-model": "^1.25.0"
      }
    },
    "node_modules/prosemirror-model": {
      "version": "1.25.11",
      "resolved": "https://registry.npmjs.org/prosemirror-model/-/prosemirror-model-1.25.11.tgz",
      "integrity": "sha512-QWg9RhnpLlogAmp3p96uEFrE5txQpFynd4vhBAELkwgOCWQs/X0yCzB3/hrHqiPwf91RG5KyWq6553zs9JqIOQ==",
      "license": "MIT",
      "dependencies": {
        "orderedmap": "^2.0.0"
      }
    },
    "node_modules/prosemirror-schema-list": {
      "version": "1.5.1",
      "resolved": "https://registry.npmjs.org/prosemirror-schema-list/-/prosemirror-schema-list-1.5.1.tgz",
      "integrity": "sha512-927lFx/uwyQaGwJxLWCZRkjXG0p48KpMj6ueoYiu4JX05GGuGcgzAy62dfiV8eFZftgyBUvLx76RsMe20fJl+Q==",
      "license": "MIT",
      "dependencies": {
        "prosemirror-model": "^1.0.0",
        "prosemirror-state": "^1.0.0",
        "prosemirror-transform": "^1.7.3"
      }
    },
    "node_modules/prosemirror-state": {
      "version": "1.4.4",
      "resolved": "https://registry.npmjs.org/prosemirror-state/-/prosemirror-state-1.4.4.tgz",
      "integrity": "sha512-6jiYHH2CIGbCfnxdHbXZ12gySFY/fz/ulZE333G6bPqIZ4F+TXo9ifiR86nAHpWnfoNjOb3o5ESi7J8Uz1jXHw==",
      "license": "MIT",
      "dependencies": {
        "prosemirror-model": "^1.0.0",
        "prosemirror-transform": "^1.0.0",
        "prosemirror-view": "^1.27.0"
      }
    },
    "node_modules/prosemirror-transform": {
      "version": "1.12.0",
      "resolved": "https://registry.npmjs.org/prosemirror-transform/-/prosemirror-transform-1.12.0.tgz",
      "integrity": "sha512-GxboyN4AMIsoHNtz5uf2r2Ru551i5hWeCMD6E2Ib4Eogqoub0NflniaBPVQ4MrGE5yZ8JV9tUHg9qcZTTrcN4w==",
      "license": "MIT",
      "dependencies": {
        "prosemirror-model": "^1.21.0"
      }
    },
    "node_modules/prosemirror-view": {
      "version": "1.42.1",
      "resolved": "https://registry.npmjs.org/prosemirror-view/-/prosemirror-view-1.42.1.tgz",
      "integrity": "sha512-rRqzZnRgkyh69XoOMrfFJHwauHscLBmHbq772kwbic1ymQAM8gXjzEbJse5j1ep2UO2HRIAQL0bY3kZ/RoqjVw==",
      "license": "MIT",
      "dependencies": {
        "prosemirror-model": "^1.25.8",
        "prosemirror-state": "^1.0.0",
        "prosemirror-transform": "^1.1.0"
      }
    },
    "node_modules/punycode.js": {
      "version": "2.3.1",
      "resolved": "https://registry.npmjs.org/punycode.js/-/punycode.js-2.3.1.tgz",
      "integrity": "sha512-uxFIHU0YlHYhDQtV4R9J6a52SLx28BCjT+4ieh7IGbgwVJWO+km431c4yRlREUAsAmt/uMjQUyQHNEPf0M39CA==",
      "license": "MIT",
      "engines": {
        "node": ">=6"
      }
    },
    "node_modules/rope-sequence": {
      "version": "1.3.4",
      "resolved": "https://registry.npmjs.org/rope-sequence/-/rope-sequence-1.3.4.tgz",
      "integrity": "sha512-UT5EDe2cu2E/6O4igUr5PSFs23nvvukicWHx6GnOPlHAiiYbzNuCRQCuiUdHJQcqKalLKlrYJnjY0ySGsXNQXQ==",
      "license": "MIT"
    },
    "node_modules/typescript": {
      "version": "5.9.3",
      "resolved": "https://registry.npmjs.org/typescript/-/typescript-5.9.3.tgz",
      "integrity": "sha512-jl1vZzPDinLr9eUt3J/t7V6FgNEw9QjvBPdysz9KfQDD41fQrC2Y4vKQdiaUpFT4bXlb1RHhLpp8wtm6M5TgSw==",
      "dev": true,
      "license": "Apache-2.0",
      "bin": {
        "tsc": "bin/tsc",
        "tsserver": "bin/tsserver"
      },
      "engines": {
        "node": ">=14.17"
      }
    },
    "node_modules/uc.micro": {
      "version": "2.1.0",
      "resolved": "https://registry.npmjs.org/uc.micro/-/uc.micro-2.1.0.tgz",
      "integrity": "sha512-ARDJmphmdvUk6Glw7y9DQ2bFkKBHwQHLi2lsaH6PPmz/Ka9sFOBsBluozhDltWmnv9u/cF6Rt87znRTPV+yp/A==",
      "license": "MIT"
    },
    "node_modules/uhyphen": {
      "version": "0.2.0",
      "resolved": "https://registry.npmjs.org/uhyphen/-/uhyphen-0.2.0.tgz",
      "integrity": "sha512-qz3o9CHXmJJPGBdqzab7qAYuW8kQGKNEuoHFYrBwV6hWIMcpAmxDLXojcHfFr9US1Pe6zUswEIJIbLI610fuqA==",
      "dev": true
    },
    "node_modules/undici-types": {
      "version": "8.3.0",
      "resolved": "https://registry.npmjs.org/undici-types/-/undici-types-8.3.0.tgz",
      "integrity": "sha512-j375ScV60dom+YkPFIfTLcOiPxkN/buHz5GobjLhixFuANaNs3C9l4GmrWqejgXWJ7BbJcFYpTEUkS1Ge8bpZQ==",
      "dev": true
    },
    "node_modules/w3c-keyname": {
      "version": "2.2.8",
      "resolved": "https://registry.npmjs.org/w3c-keyname/-/w3c-keyname-2.2.8.tgz",
      "integrity": "sha512-dpojBhNsCNN7T82Tm7k26A6G9ML3NkhDsnw9n/eoxSRlVBB4CEtIQ/KTCLI2Fwf3ataSXRhYFkQi3SlnFwPvPQ==",
      "license": "MIT"
    },
    "node_modules/ws": {
      "version": "7.5.13",
      "resolved": "https://registry.npmjs.org/ws/-/ws-7.5.13.tgz",
      "integrity": "sha512-rsKI6xDBFVf4r/x8XyChGK04QR/XHroxs/jUcoWvtEZM8TPU/X/uIY9B1CsSzYws9ZJb/6bbBu7dPhFW00CAoA==",
      "dev": true,
      "engines": {
        "node": ">=8.3.0"
      },
      "peerDependencies": {
        "bufferutil": "^4.0.1",
        "utf-8-validate": "^5.0.2"
      },
      "peerDependenciesMeta": {
        "bufferutil": {
          "optional": true
        },
        "utf-8-validate": {
          "optional": true
        }
      }
    }
  }
}
